
Microsoft Visual Studio Solution File, Format Version 12.00
# Visual Studio Version 16
VisualStudioVersion = 16.0.30907.101
MinimumVisualStudioVersion = 10.0.40219.1
Project("{8BC9CEB8-8B4A-11D0-8D11-00A0C91BC942}") = "教师工资管理系统", "教师工资管理系统.vcxproj", "{A936D864-011C-48C1-BE08-198F3C06D2B4}"
EndProject
Global
	GlobalSection(SolutionConfigurationPlatforms) = preSolution
		Debug|x64 = Debug|x64
		Debug|x86 = Debug|x86
		Release|x64 = Release|x64
		Release|x86 = Release|x86
	EndGlobalSection
	GlobalSection(ProjectConfigurationPlatforms) = postSolution
		{A936D864-011C-48C1-BE08-198F3C06D2B4}.Debug|x64.ActiveCfg = Debug|x64
		{A936D864-011C-48C1-BE08-198F3C06D2B4}.Debug|x64.Build.0 = Debug|x64
		{A936D864-011C-48C1-BE08-198F3C06D2B4}.Debug|x86.ActiveCfg = Debug|Win32
		{A936D864-011C-48C1-BE08-198F3C06D2B4}.Debug|x86.Build.0 = Debug|Win32
		{A936D864-011C-48C1-BE08-198F3C06D2B4}.Release|x64.ActiveCfg = Release|x64
		{A936D864-011C-48C1-BE08-198F3C06D2B4}.Release|x64.Build.0 = Release|x64
		{A936D864-011C-48C1-BE08-198F3C06D2B4}.Release|x86.ActiveCfg = Release|Win32
		{A936D864-011C-48C1-BE08-198F3C06D2B4}.Release|x86.Build.0 = Release|Win32
	EndGlobalSection
	GlobalSection(SolutionProperties) = preSolution
		HideSolutionNode = FALSE
	EndGlobalSection
	GlobalSection(ExtensibilityGlobals) = postSolution
		SolutionGuid = {B0215F25-BAD1-421F-940A-ECCA35B9D973}
	EndGlobalSection
EndGlobal
